
Microsoft Visual Studio Solution File, Format Version 12.00
# Visual Studio Version 16
VisualStudioVersion = 16.0.31424.327
MinimumVisualStudioVersion = 10.0.40219.1
Project("{2150E333-8FDC-42A3-9474-1A3956D46DE8}") = "src", "src", "{60D6DC93-972B-4300-9646-6462C9171DC9}"
EndProject
Project("{2150E333-8FDC-42A3-9474-1A3956D46DE8}") = "test", "test", "{DE8E0AB6-CAF7-4789-9E50-243D6C5749BC}"
EndProject
Project("{2150E333-8FDC-42A3-9474-1A3956D46DE8}") = "API", "API", "{27C8E8D4-C251-4158-894A-BAC1B94E8D98}"
EndProject
Project("{2150E333-8FDC-42A3-9474-1A3956D46DE8}") = "Core", "Core", "{712F072B-494B-4363-9017-95309ACF1DE3}"
EndProject
Project("{2150E333-8FDC-42A3-9474-1A3956D46DE8}") = "Infrastructure", "Infrastructure", "{3A10F2C1-4175-438D-A102-B608072D7DB9}"
EndProject
Project("{2150E333-8FDC-42A3-9474-1A3956D46DE8}") = "UI", "UI", "{9D847D0D-5045-40F0-B9BB-02E63860C107}"
EndProject
Project("{FAE04EC0-301F-11D3-BF4B-00C04F79EFBC}") = "GloboTicket.TicketManagement.Domain", "GloboTicket.TicketManagement.Domain\GloboTicket.TicketManagement.Domain.csproj", "{DBF0C9BB-58A8-48CD-8DAE-0BB8DAEC702A}"
EndProject
Project("{FAE04EC0-301F-11D3-BF4B-00C04F79EFBC}") = "GloboTicket.TicketManagement.Application", "GloboTicket.TicketManagement.Application\GloboTicket.TicketManagement.Application.csproj", "{619CBBC0-F5AD-4F89-9CED-D9CE9B933A84}"
EndProject
Global
	GlobalSection(SolutionConfigurationPlatforms) = preSolution
		Debug|Any CPU = Debug|Any CPU
		Release|Any CPU = Release|Any CPU
	EndGlobalSection
	GlobalSection(ProjectConfigurationPlatforms) = postSolution
		{DBF0C9BB-58A8-48CD-8DAE-0BB8DAEC702A}.Debug|Any CPU.ActiveCfg = Debug|Any CPU
		{DBF0C9BB-58A8-48CD-8DAE-0BB8DAEC702A}.Debug|Any CPU.Build.0 = Debug|Any CPU
		{DBF0C9BB-58A8-48CD-8DAE-0BB8DAEC702A}.Release|Any CPU.ActiveCfg = Release|Any CPU
		{DBF0C9BB-58A8-48CD-8DAE-0BB8DAEC702A}.Release|Any CPU.Build.0 = Release|Any CPU
		{619CBBC0-F5AD-4F89-9CED-D9CE9B933A84}.Debug|Any CPU.ActiveCfg = Debug|Any CPU
		{619CBBC0-F5AD-4F89-9CED-D9CE9B933A84}.Debug|Any CPU.Build.0 = Debug|Any CPU
		{619CBBC0-F5AD-4F89-9CED-D9CE9B933A84}.Release|Any CPU.ActiveCfg = Release|Any CPU
		{619CBBC0-F5AD-4F89-9CED-D9CE9B933A84}.Release|Any CPU.Build.0 = Release|Any CPU
	EndGlobalSection
	GlobalSection(SolutionProperties) = preSolution
		HideSolutionNode = FALSE
	EndGlobalSection
	GlobalSection(NestedProjects) = preSolution
		{27C8E8D4-C251-4158-894A-BAC1B94E8D98} = {60D6DC93-972B-4300-9646-6462C9171DC9}
		{712F072B-494B-4363-9017-95309ACF1DE3} = {60D6DC93-972B-4300-9646-6462C9171DC9}
		{3A10F2C1-4175-438D-A102-B608072D7DB9} = {60D6DC93-972B-4300-9646-6462C9171DC9}
		{9D847D0D-5045-40F0-B9BB-02E63860C107} = {60D6DC93-972B-4300-9646-6462C9171DC9}
		{DBF0C9BB-58A8-48CD-8DAE-0BB8DAEC702A} = {712F072B-494B-4363-9017-95309ACF1DE3}
		{619CBBC0-F5AD-4F89-9CED-D9CE9B933A84} = {712F072B-494B-4363-9017-95309ACF1DE3}
	EndGlobalSection
	GlobalSection(ExtensibilityGlobals) = postSolution
		SolutionGuid = {600735D5-AF2D-4954-881F-1607ADFC931E}
	EndGlobalSection
EndGlobal
